
Microsoft Visual Studio Solution File, Format Version 12.00
# Visual Studio Version 16
VisualStudioVersion = 16.0.809.4
MinimumVisualStudioVersion = 10.0.40219.1
Project("{FAE04EC0-301F-11D3-BF4B-00C04F79EFBC}") = "CIS114MyGram", "CIS114MyGram\CIS114MyGram.csproj", "{0D9DBC15-ABD9-401E-B7FE-9C8F4BFA0176}"
EndProject
Global
	GlobalSection(SolutionConfigurationPlatforms) = preSolution
		Debug|Any CPU = Debug|Any CPU
		Release|Any CPU = Release|Any CPU
	EndGlobalSection
	GlobalSection(ProjectConfigurationPlatforms) = postSolution
		{0D9DBC15-ABD9-401E-B7FE-9C8F4BFA0176}.Debug|Any CPU.ActiveCfg = Debug|Any CPU
		{0D9DBC15-ABD9-401E-B7FE-9C8F4BFA0176}.Debug|Any CPU.Build.0 = Debug|Any CPU
		{0D9DBC15-ABD9-401E-B7FE-9C8F4BFA0176}.Release|Any CPU.ActiveCfg = Release|Any CPU
		{0D9DBC15-ABD9-401E-B7FE-9C8F4BFA0176}.Release|Any CPU.Build.0 = Release|Any CPU
	EndGlobalSection
	GlobalSection(SolutionProperties) = preSolution
		HideSolutionNode = FALSE
	EndGlobalSection
	GlobalSection(ExtensibilityGlobals) = postSolution
		SolutionGuid = {A474E474-3F36-455F-A454-2BEDE64820F3}
	EndGlobalSection
EndGlobal
